
Microsoft Visual Studio Solution File, Format Version 12.00
# Visual Studio Version 17
VisualStudioVersion = 17.10.35013.160
MinimumVisualStudioVersion = 10.0.40219.1
Project("{2150E333-8FDC-42A3-9474-1A3956D46DE8}") = "Services", "Services", "{FFDA2E7C-31CE-4F30-AAE9-C55FA965E294}"
EndProject
Project("{2150E333-8FDC-42A3-9474-1A3956D46DE8}") = "Catalog", "Catalog", "{01F2097D-4C5A-4B53-A8DC-C64438BFFA26}"
EndProject
Project("{9A19103F-16F7-4668-BE54-9A1E7A4F7556}") = "MultiShopWithMicroservice.Catalog", "Services\Catalog\MultiShopWithMicroservice.Catalog\MultiShopWithMicroservice.Catalog.csproj", "{4CD2D18A-7891-42FD-BE13-CDCFC9014EA2}"
EndProject
Project("{2150E333-8FDC-42A3-9474-1A3956D46DE8}") = "Discount", "Discount", "{8C51C2D5-68CB-4D3A-A0B4-0F16147A7D7F}"
EndProject
Project("{9A19103F-16F7-4668-BE54-9A1E7A4F7556}") = "MultiShopWithMicroservice.Discount", "Services\Discount\MultiShopWithMicroservice.Discount\MultiShopWithMicroservice.Discount.csproj", "{E069137C-7132-468D-A78A-ABE81867735E}"
EndProject
Project("{2150E333-8FDC-42A3-9474-1A3956D46DE8}") = "Order", "Order", "{80558182-2CAA-47CC-99D4-12F19CC96FBD}"
EndProject
Project("{2150E333-8FDC-42A3-9474-1A3956D46DE8}") = "Core", "Core", "{52EEF72D-ECFB-4585-AD42-EB3DF6957675}"
EndProject
Project("{2150E333-8FDC-42A3-9474-1A3956D46DE8}") = "Infrastructure", "Infrastructure", "{ED45D27B-D5D4-4FFE-8F9E-CBD629063E21}"
EndProject
Project("{2150E333-8FDC-42A3-9474-1A3956D46DE8}") = "Presentation", "Presentation", "{F5BF9C4B-A6E3-4639-B464-0F0C49E1A505}"
EndProject
Project("{9A19103F-16F7-4668-BE54-9A1E7A4F7556}") = "MultiShopWithMicroservice.Order.Domain", "Services\Order\Core\MultiShopWithMicroservice.Order.Domain\MultiShopWithMicroservice.Order.Domain.csproj", "{E540C715-6E72-4A19-869F-D434714E78A5}"
EndProject
Project("{9A19103F-16F7-4668-BE54-9A1E7A4F7556}") = "MultiShopWithMicroservice.Order.Application", "Services\Order\Core\MultiShopWithMicroservice.Order.Application\MultiShopWithMicroservice.Order.Application.csproj", "{D44605AF-3793-4C84-BA36-CB1CE89D0ACD}"
EndProject
Project("{9A19103F-16F7-4668-BE54-9A1E7A4F7556}") = "MultiShopWithMicroservice.Order.Persistance", "Services\Order\Infrastructure\MultiShopWithMicroservice.Order.Persistance\MultiShopWithMicroservice.Order.Persistance.csproj", "{743D843F-8CCA-48EA-8BF3-A2D53484B387}"
EndProject
Project("{9A19103F-16F7-4668-BE54-9A1E7A4F7556}") = "MultiShopWithMicroservice.Order.WebApi", "Services\Order\Presentation\MultiShopWithMicroservice.Order.WebApi\MultiShopWithMicroservice.Order.WebApi.csproj", "{4EB0CCA5-C5E2-487B-8AC8-C38882402858}"
EndProject
Project("{2150E333-8FDC-42A3-9474-1A3956D46DE8}") = "IdentityServer", "IdentityServer", "{6AF018E8-96FE-40C5-BC68-5749CBB674C2}"
EndProject
Project("{9A19103F-16F7-4668-BE54-9A1E7A4F7556}") = "MultiShopWithMicroservice.IdentityServer", "IdentityServer\MultiShopWithMicroservice.IdentityServer\MultiShopWithMicroservice.IdentityServer.csproj", "{2328ADB2-97BA-4E3C-9399-23C2052CFF20}"
EndProject
Project("{2150E333-8FDC-42A3-9474-1A3956D46DE8}") = "Requirements", "Requirements", "{6FEF9AC4-8F43-4AE8-9D61-D22B9A48FDC0}"
	ProjectSection(SolutionItems) = preProject
		PortNumbers.txt = PortNumbers.txt
	EndProjectSection
EndProject
Project("{2150E333-8FDC-42A3-9474-1A3956D46DE8}") = "Cargo", "Cargo", "{EE9BBCFD-968E-4C71-BF40-6F3EC98C31FF}"
EndProject
Project("{9A19103F-16F7-4668-BE54-9A1E7A4F7556}") = "MultiShopWithMicroservice.Cargo.EntityLayer", "Services\Cargo\MultiShopWithMicroservice.Cargo.EntityLayer\MultiShopWithMicroservice.Cargo.EntityLayer.csproj", "{3BC2D878-34F0-4B0A-8037-52E2AA39A7FE}"
EndProject
Project("{9A19103F-16F7-4668-BE54-9A1E7A4F7556}") = "MultiShopWithMicroservice.Cargo.BusinessLayer", "Services\Cargo\MultiShopWithMicroservice.Cargo.BusinessLayer\MultiShopWithMicroservice.Cargo.BusinessLayer.csproj", "{D08153A9-1A9B-4B8C-9D19-5125626815FB}"
EndProject
Project("{9A19103F-16F7-4668-BE54-9A1E7A4F7556}") = "MultiShopWithMicroservice.Cargo.DataAccessLayer", "Services\Cargo\MultiShopWithMicroservice.Cargo.DataAccessLayer\MultiShopWithMicroservice.Cargo.DataAccessLayer.csproj", "{33DD065B-C560-478C-A13D-BF0B676EFAFC}"
EndProject
Project("{9A19103F-16F7-4668-BE54-9A1E7A4F7556}") = "MultiShopWithMicroservice.Cargo.DtoLayer", "Services\Cargo\MultiShopWithMicroservice.Cargo.DtoLayer\MultiShopWithMicroservice.Cargo.DtoLayer.csproj", "{109686A7-4519-41ED-83E0-AE7BE06CFDEE}"
EndProject
Project("{9A19103F-16F7-4668-BE54-9A1E7A4F7556}") = "MultiShopWithMicroservice.Cargo.WebApi", "Services\Cargo\MultiShopWithMicroservice.Cargo.WebApi\MultiShopWithMicroservice.Cargo.WebApi.csproj", "{B7F32B84-CF93-4B5D-A91B-1EAFF79D4C5B}"
EndProject
Project("{2150E333-8FDC-42A3-9474-1A3956D46DE8}") = "Basket", "Basket", "{5096F7FB-6B2A-4C44-9D28-BE920B666D70}"
EndProject
Project("{9A19103F-16F7-4668-BE54-9A1E7A4F7556}") = "MultiShopWithMicroservice.Basket", "Services\Basket\MultiShopWithMicroservice.Basket\MultiShopWithMicroservice.Basket.csproj", "{D3F116F3-1AC2-4315-82B2-5EBC9EF8BDA5}"
EndProject
Project("{2150E333-8FDC-42A3-9474-1A3956D46DE8}") = "Frontends", "Frontends", "{261C9C8F-F89F-4BA3-AF1D-5A1660BD5BE8}"
EndProject
Project("{9A19103F-16F7-4668-BE54-9A1E7A4F7556}") = "MultiShopWithMicroservice.WebUI", "Frontends\MultiShopWithMicroservice.WebUI\MultiShopWithMicroservice.WebUI.csproj", "{0D8D3235-DF9A-46EB-8218-27A2063EE32A}"
EndProject
Project("{9A19103F-16F7-4668-BE54-9A1E7A4F7556}") = "MultiShopWithMicroservice.DtoLayer", "Frontends\MultiShopWithMicroservice.DtoLayer\MultiShopWithMicroservice.DtoLayer.csproj", "{E2BEE832-AE44-4C3A-9019-611DAB628CAC}"
EndProject
Project("{2150E333-8FDC-42A3-9474-1A3956D46DE8}") = "Comment", "Comment", "{EB6769B1-6890-4D30-A195-B5765849A33C}"
EndProject
Project("{9A19103F-16F7-4668-BE54-9A1E7A4F7556}") = "MultiShopWithMicroservice.Comment", "Comment\MultiShopWithMicroservice.Comment\MultiShopWithMicroservice.Comment.csproj", "{222E3A0F-D749-40BC-94F5-BEF2CDA16443}"
EndProject
Project("{2150E333-8FDC-42A3-9474-1A3956D46DE8}") = "ApiGateway", "ApiGateway", "{0736FDB4-C992-43C1-8D71-13A430C156F7}"
EndProject
Project("{9A19103F-16F7-4668-BE54-9A1E7A4F7556}") = "MultiShopWithMicroservice.OcelotGateway", "ApiGateway\MultiShopWithMicroservice.OcelotGateway\MultiShopWithMicroservice.OcelotGateway.csproj", "{FEFAD882-EBC8-43D9-854C-1EBFE0E5290D}"
EndProject
Project("{2150E333-8FDC-42A3-9474-1A3956D46DE8}") = "Payment", "Payment", "{0AB16524-C710-4A71-9C8C-B2252733AFC1}"
EndProject
Project("{9A19103F-16F7-4668-BE54-9A1E7A4F7556}") = "MultiShopWithMicroservice.Payment", "Payment\MultiShopWithMicroservice.Payment\MultiShopWithMicroservice.Payment.csproj", "{744838BD-A5D7-4865-BB22-AAAE5E5B0590}"
EndProject
Project("{2150E333-8FDC-42A3-9474-1A3956D46DE8}") = "Message", "Message", "{4C0C747D-C1E5-4F7E-93E5-FA59D3D4051F}"
EndProject
Project("{FAE04EC0-301F-11D3-BF4B-00C04F79EFBC}") = "MultiShopWithMicroservice.Message", "Services\Message\MultiShopWithMicroservice.Message\MultiShopWithMicroservice.Message.csproj", "{212AD161-28DB-4D1D-AE5F-A61C12D8B680}"
EndProject
Global
	GlobalSection(SolutionConfigurationPlatforms) = preSolution
		Debug|Any CPU = Debug|Any CPU
		Release|Any CPU = Release|Any CPU
	EndGlobalSection
	GlobalSection(ProjectConfigurationPlatforms) = postSolution
		{4CD2D18A-7891-42FD-BE13-CDCFC9014EA2}.Debug|Any CPU.ActiveCfg = Debug|Any CPU
		{4CD2D18A-7891-42FD-BE13-CDCFC9014EA2}.Debug|Any CPU.Build.0 = Debug|Any CPU
		{4CD2D18A-7891-42FD-BE13-CDCFC9014EA2}.Release|Any CPU.ActiveCfg = Release|Any CPU
		{4CD2D18A-7891-42FD-BE13-CDCFC9014EA2}.Release|Any CPU.Build.0 = Release|Any CPU
		{E069137C-7132-468D-A78A-ABE81867735E}.Debug|Any CPU.ActiveCfg = Debug|Any CPU
		{E069137C-7132-468D-A78A-ABE81867735E}.Debug|Any CPU.Build.0 = Debug|Any CPU
		{E069137C-7132-468D-A78A-ABE81867735E}.Release|Any CPU.ActiveCfg = Release|Any CPU
		{E069137C-7132-468D-A78A-ABE81867735E}.Release|Any CPU.Build.0 = Release|Any CPU
		{E540C715-6E72-4A19-869F-D434714E78A5}.Debug|Any CPU.ActiveCfg = Debug|Any CPU
		{E540C715-6E72-4A19-869F-D434714E78A5}.Debug|Any CPU.Build.0 = Debug|Any CPU
		{E540C715-6E72-4A19-869F-D434714E78A5}.Release|Any CPU.ActiveCfg = Release|Any CPU
		{E540C715-6E72-4A19-869F-D434714E78A5}.Release|Any CPU.Build.0 = Release|Any CPU
		{D44605AF-3793-4C84-BA36-CB1CE89D0ACD}.Debug|Any CPU.ActiveCfg = Debug|Any CPU
		{D44605AF-3793-4C84-BA36-CB1CE89D0ACD}.Debug|Any CPU.Build.0 = Debug|Any CPU
		{D44605AF-3793-4C84-BA36-CB1CE89D0ACD}.Release|Any CPU.ActiveCfg = Release|Any CPU
		{D44605AF-3793-4C84-BA36-CB1CE89D0ACD}.Release|Any CPU.Build.0 = Release|Any CPU
		{743D843F-8CCA-48EA-8BF3-A2D53484B387}.Debug|Any CPU.ActiveCfg = Debug|Any CPU
		{743D843F-8CCA-48EA-8BF3-A2D53484B387}.Debug|Any CPU.Build.0 = Debug|Any CPU
		{743D843F-8CCA-48EA-8BF3-A2D53484B387}.Release|Any CPU.ActiveCfg = Release|Any CPU
		{743D843F-8CCA-48EA-8BF3-A2D53484B387}.Release|Any CPU.Build.0 = Release|Any CPU
		{4EB0CCA5-C5E2-487B-8AC8-C38882402858}.Debug|Any CPU.ActiveCfg = Debug|Any CPU
		{4EB0CCA5-C5E2-487B-8AC8-C38882402858}.Debug|Any CPU.Build.0 = Debug|Any CPU
		{4EB0CCA5-C5E2-487B-8AC8-C38882402858}.Release|Any CPU.ActiveCfg = Release|Any CPU
		{4EB0CCA5-C5E2-487B-8AC8-C38882402858}.Release|Any CPU.Build.0 = Release|Any CPU
		{2328ADB2-97BA-4E3C-9399-23C2052CFF20}.Debug|Any CPU.ActiveCfg = Debug|Any CPU
		{2328ADB2-97BA-4E3C-9399-23C2052CFF20}.Debug|Any CPU.Build.0 = Debug|Any CPU
		{2328ADB2-97BA-4E3C-9399-23C2052CFF20}.Release|Any CPU.ActiveCfg = Release|Any CPU
		{2328ADB2-97BA-4E3C-9399-23C2052CFF20}.Release|Any CPU.Build.0 = Release|Any CPU
		{3BC2D878-34F0-4B0A-8037-52E2AA39A7FE}.Debug|Any CPU.ActiveCfg = Debug|Any CPU
		{3BC2D878-34F0-4B0A-8037-52E2AA39A7FE}.Debug|Any CPU.Build.0 = Debug|Any CPU
		{3BC2D878-34F0-4B0A-8037-52E2AA39A7FE}.Release|Any CPU.ActiveCfg = Release|Any CPU
		{3BC2D878-34F0-4B0A-8037-52E2AA39A7FE}.Release|Any CPU.Build.0 = Release|Any CPU
		{D08153A9-1A9B-4B8C-9D19-5125626815FB}.Debug|Any CPU.ActiveCfg = Debug|Any CPU
		{D08153A9-1A9B-4B8C-9D19-5125626815FB}.Debug|Any CPU.Build.0 = Debug|Any CPU
		{D08153A9-1A9B-4B8C-9D19-5125626815FB}.Release|Any CPU.ActiveCfg = Release|Any CPU
		{D08153A9-1A9B-4B8C-9D19-5125626815FB}.Release|Any CPU.Build.0 = Release|Any CPU
		{33DD065B-C560-478C-A13D-BF0B676EFAFC}.Debug|Any CPU.ActiveCfg = Debug|Any CPU
		{33DD065B-C560-478C-A13D-BF0B676EFAFC}.Debug|Any CPU.Build.0 = Debug|Any CPU
		{33DD065B-C560-478C-A13D-BF0B676EFAFC}.Release|Any CPU.ActiveCfg = Release|Any CPU
		{33DD065B-C560-478C-A13D-BF0B676EFAFC}.Release|Any CPU.Build.0 = Release|Any CPU
		{109686A7-4519-41ED-83E0-AE7BE06CFDEE}.Debug|Any CPU.ActiveCfg = Debug|Any CPU
		{109686A7-4519-41ED-83E0-AE7BE06CFDEE}.Debug|Any CPU.Build.0 = Debug|Any CPU
		{109686A7-4519-41ED-83E0-AE7BE06CFDEE}.Release|Any CPU.ActiveCfg = Release|Any CPU
		{109686A7-4519-41ED-83E0-AE7BE06CFDEE}.Release|Any CPU.Build.0 = Release|Any CPU
		{B7F32B84-CF93-4B5D-A91B-1EAFF79D4C5B}.Debug|Any CPU.ActiveCfg = Debug|Any CPU
		{B7F32B84-CF93-4B5D-A91B-1EAFF79D4C5B}.Debug|Any CPU.Build.0 = Debug|Any CPU
		{B7F32B84-CF93-4B5D-A91B-1EAFF79D4C5B}.Release|Any CPU.ActiveCfg = Release|Any CPU
		{B7F32B84-CF93-4B5D-A91B-1EAFF79D4C5B}.Release|Any CPU.Build.0 = Release|Any CPU
		{D3F116F3-1AC2-4315-82B2-5EBC9EF8BDA5}.Debug|Any CPU.ActiveCfg = Debug|Any CPU
		{D3F116F3-1AC2-4315-82B2-5EBC9EF8BDA5}.Debug|Any CPU.Build.0 = Debug|Any CPU
		{D3F116F3-1AC2-4315-82B2-5EBC9EF8BDA5}.Release|Any CPU.ActiveCfg = Release|Any CPU
		{D3F116F3-1AC2-4315-82B2-5EBC9EF8BDA5}.Release|Any CPU.Build.0 = Release|Any CPU
		{0D8D3235-DF9A-46EB-8218-27A2063EE32A}.Debug|Any CPU.ActiveCfg = Debug|Any CPU
		{0D8D3235-DF9A-46EB-8218-27A2063EE32A}.Debug|Any CPU.Build.0 = Debug|Any CPU
		{0D8D3235-DF9A-46EB-8218-27A2063EE32A}.Release|Any CPU.ActiveCfg = Release|Any CPU
		{0D8D3235-DF9A-46EB-8218-27A2063EE32A}.Release|Any CPU.Build.0 = Release|Any CPU
		{E2BEE832-AE44-4C3A-9019-611DAB628CAC}.Debug|Any CPU.ActiveCfg = Debug|Any CPU
		{E2BEE832-AE44-4C3A-9019-611DAB628CAC}.Debug|Any CPU.Build.0 = Debug|Any CPU
		{E2BEE832-AE44-4C3A-9019-611DAB628CAC}.Release|Any CPU.ActiveCfg = Release|Any CPU
		{E2BEE832-AE44-4C3A-9019-611DAB628CAC}.Release|Any CPU.Build.0 = Release|Any CPU
		{222E3A0F-D749-40BC-94F5-BEF2CDA16443}.Debug|Any CPU.ActiveCfg = Debug|Any CPU
		{222E3A0F-D749-40BC-94F5-BEF2CDA16443}.Debug|Any CPU.Build.0 = Debug|Any CPU
		{222E3A0F-D749-40BC-94F5-BEF2CDA16443}.Release|Any CPU.ActiveCfg = Release|Any CPU
		{222E3A0F-D749-40BC-94F5-BEF2CDA16443}.Release|Any CPU.Build.0 = Release|Any CPU
		{FEFAD882-EBC8-43D9-854C-1EBFE0E5290D}.Debug|Any CPU.ActiveCfg = Debug|Any CPU
		{FEFAD882-EBC8-43D9-854C-1EBFE0E5290D}.Debug|Any CPU.Build.0 = Debug|Any CPU
		{FEFAD882-EBC8-43D9-854C-1EBFE0E5290D}.Release|Any CPU.ActiveCfg = Release|Any CPU
		{FEFAD882-EBC8-43D9-854C-1EBFE0E5290D}.Release|Any CPU.Build.0 = Release|Any CPU
		{744838BD-A5D7-4865-BB22-AAAE5E5B0590}.Debug|Any CPU.ActiveCfg = Debug|Any CPU
		{744838BD-A5D7-4865-BB22-AAAE5E5B0590}.Debug|Any CPU.Build.0 = Debug|Any CPU
		{744838BD-A5D7-4865-BB22-AAAE5E5B0590}.Release|Any CPU.ActiveCfg = Release|Any CPU
		{744838BD-A5D7-4865-BB22-AAAE5E5B0590}.Release|Any CPU.Build.0 = Release|Any CPU
		{212AD161-28DB-4D1D-AE5F-A61C12D8B680}.Debug|Any CPU.ActiveCfg = Debug|Any CPU
		{212AD161-28DB-4D1D-AE5F-A61C12D8B680}.Debug|Any CPU.Build.0 = Debug|Any CPU
		{212AD161-28DB-4D1D-AE5F-A61C12D8B680}.Release|Any CPU.ActiveCfg = Release|Any CPU
		{212AD161-28DB-4D1D-AE5F-A61C12D8B680}.Release|Any CPU.Build.0 = Release|Any CPU
	EndGlobalSection
	GlobalSection(SolutionProperties) = preSolution
		HideSolutionNode = FALSE
	EndGlobalSection
	GlobalSection(NestedProjects) = preSolution
		{01F2097D-4C5A-4B53-A8DC-C64438BFFA26} = {FFDA2E7C-31CE-4F30-AAE9-C55FA965E294}
		{4CD2D18A-7891-42FD-BE13-CDCFC9014EA2} = {01F2097D-4C5A-4B53-A8DC-C64438BFFA26}
		{8C51C2D5-68CB-4D3A-A0B4-0F16147A7D7F} = {FFDA2E7C-31CE-4F30-AAE9-C55FA965E294}
		{E069137C-7132-468D-A78A-ABE81867735E} = {8C51C2D5-68CB-4D3A-A0B4-0F16147A7D7F}
		{80558182-2CAA-47CC-99D4-12F19CC96FBD} = {FFDA2E7C-31CE-4F30-AAE9-C55FA965E294}
		{52EEF72D-ECFB-4585-AD42-EB3DF6957675} = {80558182-2CAA-47CC-99D4-12F19CC96FBD}
		{ED45D27B-D5D4-4FFE-8F9E-CBD629063E21} = {80558182-2CAA-47CC-99D4-12F19CC96FBD}
		{F5BF9C4B-A6E3-4639-B464-0F0C49E1A505} = {80558182-2CAA-47CC-99D4-12F19CC96FBD}
		{E540C715-6E72-4A19-869F-D434714E78A5} = {52EEF72D-ECFB-4585-AD42-EB3DF6957675}
		{D44605AF-3793-4C84-BA36-CB1CE89D0ACD} = {52EEF72D-ECFB-4585-AD42-EB3DF6957675}
		{743D843F-8CCA-48EA-8BF3-A2D53484B387} = {ED45D27B-D5D4-4FFE-8F9E-CBD629063E21}
		{4EB0CCA5-C5E2-487B-8AC8-C38882402858} = {F5BF9C4B-A6E3-4639-B464-0F0C49E1A505}
		{2328ADB2-97BA-4E3C-9399-23C2052CFF20} = {6AF018E8-96FE-40C5-BC68-5749CBB674C2}
		{EE9BBCFD-968E-4C71-BF40-6F3EC98C31FF} = {FFDA2E7C-31CE-4F30-AAE9-C55FA965E294}
		{3BC2D878-34F0-4B0A-8037-52E2AA39A7FE} = {EE9BBCFD-968E-4C71-BF40-6F3EC98C31FF}
		{D08153A9-1A9B-4B8C-9D19-5125626815FB} = {EE9BBCFD-968E-4C71-BF40-6F3EC98C31FF}
		{33DD065B-C560-478C-A13D-BF0B676EFAFC} = {EE9BBCFD-968E-4C71-BF40-6F3EC98C31FF}
		{109686A7-4519-41ED-83E0-AE7BE06CFDEE} = {EE9BBCFD-968E-4C71-BF40-6F3EC98C31FF}
		{B7F32B84-CF93-4B5D-A91B-1EAFF79D4C5B} = {EE9BBCFD-968E-4C71-BF40-6F3EC98C31FF}
		{5096F7FB-6B2A-4C44-9D28-BE920B666D70} = {FFDA2E7C-31CE-4F30-AAE9-C55FA965E294}
		{D3F116F3-1AC2-4315-82B2-5EBC9EF8BDA5} = {5096F7FB-6B2A-4C44-9D28-BE920B666D70}
		{0D8D3235-DF9A-46EB-8218-27A2063EE32A} = {261C9C8F-F89F-4BA3-AF1D-5A1660BD5BE8}
		{E2BEE832-AE44-4C3A-9019-611DAB628CAC} = {261C9C8F-F89F-4BA3-AF1D-5A1660BD5BE8}
		{EB6769B1-6890-4D30-A195-B5765849A33C} = {FFDA2E7C-31CE-4F30-AAE9-C55FA965E294}
		{222E3A0F-D749-40BC-94F5-BEF2CDA16443} = {EB6769B1-6890-4D30-A195-B5765849A33C}
		{FEFAD882-EBC8-43D9-854C-1EBFE0E5290D} = {0736FDB4-C992-43C1-8D71-13A430C156F7}
		{0AB16524-C710-4A71-9C8C-B2252733AFC1} = {FFDA2E7C-31CE-4F30-AAE9-C55FA965E294}
		{744838BD-A5D7-4865-BB22-AAAE5E5B0590} = {0AB16524-C710-4A71-9C8C-B2252733AFC1}
		{4C0C747D-C1E5-4F7E-93E5-FA59D3D4051F} = {FFDA2E7C-31CE-4F30-AAE9-C55FA965E294}
		{212AD161-28DB-4D1D-AE5F-A61C12D8B680} = {4C0C747D-C1E5-4F7E-93E5-FA59D3D4051F}
	EndGlobalSection
	GlobalSection(ExtensibilityGlobals) = postSolution
		SolutionGuid = {83E610B5-8540-488C-B3E3-BEC49075AC95}
	EndGlobalSection
EndGlobal
